{
  "requires": true,
  "lockfileVersion": 1,
  "dependencies": {
    "body-parser": {
      "version": "1.19.0",
      "resolved": "https://registry.npm.taobao.org/body-parser/download/body-parser-1.19.0.tgz?cache=0&other_urls=https%3A%2F%2Fregistry.npm.taobao.org%2Fbody-parser%2Fdownload%2Fbody-parser-1.19.0.tgz",
      "dependencies": {
        "bytes": {
          "version": "https://registry.npm.taobao.org/bytes/download/bytes-3.1.0.tgz",
          "bundled": true
        },
        "content-type": {
          "version": "https://registry.npm.taobao.org/content-type/download/content-type-1.0.4.tgz",
          "bundled": true
        },
        "debug": {
          "version": "https://registry.npm.taobao.org/debug/download/debug-2.6.9.tgz?cache=0&other_urls=https%3A%2F%2Fregistry.npm.taobao.org%2Fdebug%2Fdownload%2Fdebug-2.6.9.tgz",
          "bundled": true
        },
        "depd": {
          "version": "https://registry.npm.taobao.org/depd/download/depd-1.1.2.tgz",
          "bundled": true
        },
        "http-errors": {
          "version": "https://registry.npm.taobao.org/http-errors/download/http-errors-1.7.2.tgz",
          "bundled": true
        },
        "iconv-lite": {
          "version": "https://registry.npm.taobao.org/iconv-lite/download/iconv-lite-0.4.24.tgz",
          "bundled": true,
          "dependencies": {
            "safer-buffer": {
              "version": "https://registry.npm.taobao.org/safer-buffer/download/safer-buffer-2.1.2.tgz"
            }
          }
        },
        "on-finished": {
          "version": "https://registry.npm.taobao.org/on-finished/download/on-finished-2.3.0.tgz",
          "bundled": true
        },
        "qs": {
          "version": "https://registry.npm.taobao.org/qs/download/qs-6.7.0.tgz?cache=0&other_urls=https%3A%2F%2Fregistry.npm.taobao.org%2Fqs%2Fdownload%2Fqs-6.7.0.tgz",
          "bundled": true
        },
        "raw-body": {
          "version": "https://registry.npm.taobao.org/raw-body/download/raw-body-2.4.0.tgz",
          "bundled": true
        },
        "type-is": {
          "version": "https://registry.npm.taobao.org/type-is/download/type-is-1.6.18.tgz",
          "bundled": true
        }
      }
    },
    "formidable": {
      "version": "1.2.1",
      "resolved": "https://registry.npm.taobao.org/formidable/download/formidable-1.2.1.tgz"
    },
    "ws": {
      "version": "7.0.0",
      "resolved": "https://registry.npm.taobao.org/ws/download/ws-7.0.0.tgz",
      "dependencies": {
        "async-limiter": {
          "version": "https://registry.npm.taobao.org/async-limiter/download/async-limiter-1.0.0.tgz",
          "bundled": true
        }
      }
    }
  }
}
